
Microsoft Visual Studio Solution File, Format Version 12.00
# Visual Studio 15
VisualStudioVersion = 15.0.27703.2035
MinimumVisualStudioVersion = 10.0.40219.1
Project("{FAE04EC0-301F-11D3-BF4B-00C04F79EFBC}") = "AppDemo.Android", "AppDemo\AppDemo.Android\AppDemo.Android.csproj", "{F3D6385A-471C-4668-81EA-189CFB38D3C7}"
EndProject
Project("{FAE04EC0-301F-11D3-BF4B-00C04F79EFBC}") = "AppDemo.iOS", "AppDemo\AppDemo.iOS\AppDemo.iOS.csproj", "{4A78A7D6-CBB6-454C-93A6-F69236D893DD}"
EndProject
Project("{FAE04EC0-301F-11D3-BF4B-00C04F79EFBC}") = "AppDemo", "AppDemo\AppDemo\AppDemo.csproj", "{C6235A07-4CB0-4651-8B1E-7E4FD4C7144D}"
EndProject
Global
	GlobalSection(SolutionConfigurationPlatforms) = preSolution
		Ad-Hoc|Any CPU = Ad-Hoc|Any CPU
		Ad-Hoc|iPhone = Ad-Hoc|iPhone
		Ad-Hoc|iPhoneSimulator = Ad-Hoc|iPhoneSimulator
		AppStore|Any CPU = AppStore|Any CPU
		AppStore|iPhone = AppStore|iPhone
		AppStore|iPhoneSimulator = AppStore|iPhoneSimulator
		Debug|Any CPU = Debug|Any CPU
		Debug|iPhone = Debug|iPhone
		Debug|iPhoneSimulator = Debug|iPhoneSimulator
		Release|Any CPU = Release|Any CPU
		Release|iPhone = Release|iPhone
		Release|iPhoneSimulator = Release|iPhoneSimulator
	EndGlobalSection
	GlobalSection(ProjectConfigurationPlatforms) = postSolution
		{F3D6385A-471C-4668-81EA-189CFB38D3C7}.Ad-Hoc|Any CPU.ActiveCfg = Release|Any CPU
		{F3D6385A-471C-4668-81EA-189CFB38D3C7}.Ad-Hoc|Any CPU.Build.0 = Release|Any CPU
		{F3D6385A-471C-4668-81EA-189CFB38D3C7}.Ad-Hoc|Any CPU.Deploy.0 = Release|Any CPU
		{F3D6385A-471C-4668-81EA-189CFB38D3C7}.Ad-Hoc|iPhone.ActiveCfg = Release|Any CPU
		{F3D6385A-471C-4668-81EA-189CFB38D3C7}.Ad-Hoc|iPhone.Build.0 = Release|Any CPU
		{F3D6385A-471C-4668-81EA-189CFB38D3C7}.Ad-Hoc|iPhone.Deploy.0 = Release|Any CPU
		{F3D6385A-471C-4668-81EA-189CFB38D3C7}.Ad-Hoc|iPhoneSimulator.ActiveCfg = Release|Any CPU
		{F3D6385A-471C-4668-81EA-189CFB38D3C7}.Ad-Hoc|iPhoneSimulator.Build.0 = Release|Any CPU
		{F3D6385A-471C-4668-81EA-189CFB38D3C7}.Ad-Hoc|iPhoneSimulator.Deploy.0 = Release|Any CPU
		{F3D6385A-471C-4668-81EA-189CFB38D3C7}.AppStore|Any CPU.ActiveCfg = Release|Any CPU
		{F3D6385A-471C-4668-81EA-189CFB38D3C7}.AppStore|Any CPU.Build.0 = Release|Any CPU
		{F3D6385A-471C-4668-81EA-189CFB38D3C7}.AppStore|Any CPU.Deploy.0 = Release|Any CPU
		{F3D6385A-471C-4668-81EA-189CFB38D3C7}.AppStore|iPhone.ActiveCfg = Release|Any CPU
		{F3D6385A-471C-4668-81EA-189CFB38D3C7}.AppStore|iPhone.Build.0 = Release|Any CPU
		{F3D6385A-471C-4668-81EA-189CFB38D3C7}.AppStore|iPhone.Deploy.0 = Release|Any CPU
		{F3D6385A-471C-4668-81EA-189CFB38D3C7}.AppStore|iPhoneSimulator.ActiveCfg = Release|Any CPU
		{F3D6385A-471C-4668-81EA-189CFB38D3C7}.AppStore|iPhoneSimulator.Build.0 = Release|Any CPU
		{F3D6385A-471C-4668-81EA-189CFB38D3C7}.AppStore|iPhoneSimulator.Deploy.0 = Release|Any CPU
		{F3D6385A-471C-4668-81EA-189CFB38D3C7}.Debug|Any CPU.ActiveCfg = Debug|Any CPU
		{F3D6385A-471C-4668-81EA-189CFB38D3C7}.Debug|Any CPU.Build.0 = Debug|Any CPU
		{F3D6385A-471C-4668-81EA-189CFB38D3C7}.Debug|Any CPU.Deploy.0 = Debug|Any CPU
		{F3D6385A-471C-4668-81EA-189CFB38D3C7}.Debug|iPhone.ActiveCfg = Debug|Any CPU
		{F3D6385A-471C-4668-81EA-189CFB38D3C7}.Debug|iPhone.Build.0 = Debug|Any CPU
		{F3D6385A-471C-4668-81EA-189CFB38D3C7}.Debug|iPhone.Deploy.0 = Debug|Any CPU
		{F3D6385A-471C-4668-81EA-189CFB38D3C7}.Debug|iPhoneSimulator.ActiveCfg = Debug|Any CPU
		{F3D6385A-471C-4668-81EA-189CFB38D3C7}.Debug|iPhoneSimulator.Build.0 = Debug|Any CPU
		{F3D6385A-471C-4668-81EA-189CFB38D3C7}.Debug|iPhoneSimulator.Deploy.0 = Debug|Any CPU
		{F3D6385A-471C-4668-81EA-189CFB38D3C7}.Release|Any CPU.ActiveCfg = Release|Any CPU
		{F3D6385A-471C-4668-81EA-189CFB38D3C7}.Release|Any CPU.Build.0 = Release|Any CPU
		{F3D6385A-471C-4668-81EA-189CFB38D3C7}.Release|Any CPU.Deploy.0 = Release|Any CPU
		{F3D6385A-471C-4668-81EA-189CFB38D3C7}.Release|iPhone.ActiveCfg = Release|Any CPU
		{F3D6385A-471C-4668-81EA-189CFB38D3C7}.Release|iPhone.Build.0 = Release|Any CPU
		{F3D6385A-471C-4668-81EA-189CFB38D3C7}.Release|iPhone.Deploy.0 = Release|Any CPU
		{F3D6385A-471C-4668-81EA-189CFB38D3C7}.Release|iPhoneSimulator.ActiveCfg = Release|Any CPU
		{F3D6385A-471C-4668-81EA-189CFB38D3C7}.Release|iPhoneSimulator.Build.0 = Release|Any CPU
		{F3D6385A-471C-4668-81EA-189CFB38D3C7}.Release|iPhoneSimulator.Deploy.0 = Release|Any CPU
		{4A78A7D6-CBB6-454C-93A6-F69236D893DD}.Ad-Hoc|Any CPU.ActiveCfg = Ad-Hoc|iPhone
		{4A78A7D6-CBB6-454C-93A6-F69236D893DD}.Ad-Hoc|Any CPU.Build.0 = Ad-Hoc|iPhone
		{4A78A7D6-CBB6-454C-93A6-F69236D893DD}.Ad-Hoc|Any CPU.Deploy.0 = Ad-Hoc|iPhone
		{4A78A7D6-CBB6-454C-93A6-F69236D893DD}.Ad-Hoc|iPhone.ActiveCfg = Ad-Hoc|iPhone
		{4A78A7D6-CBB6-454C-93A6-F69236D893DD}.Ad-Hoc|iPhone.Build.0 = Ad-Hoc|iPhone
		{4A78A7D6-CBB6-454C-93A6-F69236D893DD}.Ad-Hoc|iPhone.Deploy.0 = Ad-Hoc|iPhone
		{4A78A7D6-CBB6-454C-93A6-F69236D893DD}.Ad-Hoc|iPhoneSimulator.ActiveCfg = Ad-Hoc|iPhoneSimulator
		{4A78A7D6-CBB6-454C-93A6-F69236D893DD}.Ad-Hoc|iPhoneSimulator.Build.0 = Ad-Hoc|iPhoneSimulator
		{4A78A7D6-CBB6-454C-93A6-F69236D893DD}.Ad-Hoc|iPhoneSimulator.Deploy.0 = Ad-Hoc|iPhoneSimulator
		{4A78A7D6-CBB6-454C-93A6-F69236D893DD}.AppStore|Any CPU.ActiveCfg = AppStore|iPhone
		{4A78A7D6-CBB6-454C-93A6-F69236D893DD}.AppStore|Any CPU.Build.0 = AppStore|iPhone
		{4A78A7D6-CBB6-454C-93A6-F69236D893DD}.AppStore|Any CPU.Deploy.0 = AppStore|iPhone
		{4A78A7D6-CBB6-454C-93A6-F69236D893DD}.AppStore|iPhone.ActiveCfg = AppStore|iPhone
		{4A78A7D6-CBB6-454C-93A6-F69236D893DD}.AppStore|iPhone.Build.0 = AppStore|iPhone
		{4A78A7D6-CBB6-454C-93A6-F69236D893DD}.AppStore|iPhone.Deploy.0 = AppStore|iPhone
		{4A78A7D6-CBB6-454C-93A6-F69236D893DD}.AppStore|iPhoneSimulator.ActiveCfg = AppStore|iPhoneSimulator
		{4A78A7D6-CBB6-454C-93A6-F69236D893DD}.AppStore|iPhoneSimulator.Build.0 = AppStore|iPhoneSimulator
		{4A78A7D6-CBB6-454C-93A6-F69236D893DD}.AppStore|iPhoneSimulator.Deploy.0 = AppStore|iPhoneSimulator
		{4A78A7D6-CBB6-454C-93A6-F69236D893DD}.Debug|Any CPU.ActiveCfg = Debug|iPhoneSimulator
		{4A78A7D6-CBB6-454C-93A6-F69236D893DD}.Debug|Any CPU.Build.0 = Debug|iPhoneSimulator
		{4A78A7D6-CBB6-454C-93A6-F69236D893DD}.Debug|Any CPU.Deploy.0 = Debug|iPhoneSimulator
		{4A78A7D6-CBB6-454C-93A6-F69236D893DD}.Debug|iPhone.ActiveCfg = Debug|iPhone
		{4A78A7D6-CBB6-454C-93A6-F69236D893DD}.Debug|iPhone.Build.0 = Debug|iPhone
		{4A78A7D6-CBB6-454C-93A6-F69236D893DD}.Debug|iPhone.Deploy.0 = Debug|iPhone
		{4A78A7D6-CBB6-454C-93A6-F69236D893DD}.Debug|iPhoneSimulator.ActiveCfg = Debug|iPhoneSimulator
		{4A78A7D6-CBB6-454C-93A6-F69236D893DD}.Debug|iPhoneSimulator.Build.0 = Debug|iPhoneSimulator
		{4A78A7D6-CBB6-454C-93A6-F69236D893DD}.Debug|iPhoneSimulator.Deploy.0 = Debug|iPhoneSimulator
		{4A78A7D6-CBB6-454C-93A6-F69236D893DD}.Release|Any CPU.ActiveCfg = Release|iPhone
		{4A78A7D6-CBB6-454C-93A6-F69236D893DD}.Release|Any CPU.Build.0 = Release|iPhone
		{4A78A7D6-CBB6-454C-93A6-F69236D893DD}.Release|Any CPU.Deploy.0 = Release|iPhone
		{4A78A7D6-CBB6-454C-93A6-F69236D893DD}.Release|iPhone.ActiveCfg = Release|iPhone
		{4A78A7D6-CBB6-454C-93A6-F69236D893DD}.Release|iPhone.Build.0 = Release|iPhone
		{4A78A7D6-CBB6-454C-93A6-F69236D893DD}.Release|iPhone.Deploy.0 = Release|iPhone
		{4A78A7D6-CBB6-454C-93A6-F69236D893DD}.Release|iPhoneSimulator.ActiveCfg = Release|iPhoneSimulator
		{4A78A7D6-CBB6-454C-93A6-F69236D893DD}.Release|iPhoneSimulator.Build.0 = Release|iPhoneSimulator
		{4A78A7D6-CBB6-454C-93A6-F69236D893DD}.Release|iPhoneSimulator.Deploy.0 = Release|iPhoneSimulator
		{C6235A07-4CB0-4651-8B1E-7E4FD4C7144D}.Ad-Hoc|Any CPU.ActiveCfg = Debug|Any CPU
		{C6235A07-4CB0-4651-8B1E-7E4FD4C7144D}.Ad-Hoc|Any CPU.Build.0 = Debug|Any CPU
		{C6235A07-4CB0-4651-8B1E-7E4FD4C7144D}.Ad-Hoc|Any CPU.Deploy.0 = Debug|Any CPU
		{C6235A07-4CB0-4651-8B1E-7E4FD4C7144D}.Ad-Hoc|iPhone.ActiveCfg = Debug|Any CPU
		{C6235A07-4CB0-4651-8B1E-7E4FD4C7144D}.Ad-Hoc|iPhone.Build.0 = Debug|Any CPU
		{C6235A07-4CB0-4651-8B1E-7E4FD4C7144D}.Ad-Hoc|iPhone.Deploy.0 = Debug|Any CPU
		{C6235A07-4CB0-4651-8B1E-7E4FD4C7144D}.Ad-Hoc|iPhoneSimulator.ActiveCfg = Debug|Any CPU
		{C6235A07-4CB0-4651-8B1E-7E4FD4C7144D}.Ad-Hoc|iPhoneSimulator.Build.0 = Debug|Any CPU
		{C6235A07-4CB0-4651-8B1E-7E4FD4C7144D}.Ad-Hoc|iPhoneSimulator.Deploy.0 = Debug|Any CPU
		{C6235A07-4CB0-4651-8B1E-7E4FD4C7144D}.AppStore|Any CPU.ActiveCfg = Debug|Any CPU
		{C6235A07-4CB0-4651-8B1E-7E4FD4C7144D}.AppStore|Any CPU.Build.0 = Debug|Any CPU
		{C6235A07-4CB0-4651-8B1E-7E4FD4C7144D}.AppStore|Any CPU.Deploy.0 = Debug|Any CPU
		{C6235A07-4CB0-4651-8B1E-7E4FD4C7144D}.AppStore|iPhone.ActiveCfg = Debug|Any CPU
		{C6235A07-4CB0-4651-8B1E-7E4FD4C7144D}.AppStore|iPhone.Build.0 = Debug|Any CPU
		{C6235A07-4CB0-4651-8B1E-7E4FD4C7144D}.AppStore|iPhone.Deploy.0 = Debug|Any CPU
		{C6235A07-4CB0-4651-8B1E-7E4FD4C7144D}.AppStore|iPhoneSimulator.ActiveCfg = Debug|Any CPU
		{C6235A07-4CB0-4651-8B1E-7E4FD4C7144D}.AppStore|iPhoneSimulator.Build.0 = Debug|Any CPU
		{C6235A07-4CB0-4651-8B1E-7E4FD4C7144D}.AppStore|iPhoneSimulator.Deploy.0 = Debug|Any CPU
		{C6235A07-4CB0-4651-8B1E-7E4FD4C7144D}.Debug|Any CPU.ActiveCfg = Debug|Any CPU
		{C6235A07-4CB0-4651-8B1E-7E4FD4C7144D}.Debug|Any CPU.Build.0 = Debug|Any CPU
		{C6235A07-4CB0-4651-8B1E-7E4FD4C7144D}.Debug|Any CPU.Deploy.0 = Debug|Any CPU
		{C6235A07-4CB0-4651-8B1E-7E4FD4C7144D}.Debug|iPhone.ActiveCfg = Debug|Any CPU
		{C6235A07-4CB0-4651-8B1E-7E4FD4C7144D}.Debug|iPhone.Build.0 = Debug|Any CPU
		{C6235A07-4CB0-4651-8B1E-7E4FD4C7144D}.Debug|iPhone.Deploy.0 = Debug|Any CPU
		{C6235A07-4CB0-4651-8B1E-7E4FD4C7144D}.Debug|iPhoneSimulator.ActiveCfg = Debug|Any CPU
		{C6235A07-4CB0-4651-8B1E-7E4FD4C7144D}.Debug|iPhoneSimulator.Build.0 = Debug|Any CPU
		{C6235A07-4CB0-4651-8B1E-7E4FD4C7144D}.Debug|iPhoneSimulator.Deploy.0 = Debug|Any CPU
		{C6235A07-4CB0-4651-8B1E-7E4FD4C7144D}.Release|Any CPU.ActiveCfg = Release|Any CPU
		{C6235A07-4CB0-4651-8B1E-7E4FD4C7144D}.Release|Any CPU.Build.0 = Release|Any CPU
		{C6235A07-4CB0-4651-8B1E-7E4FD4C7144D}.Release|Any CPU.Deploy.0 = Release|Any CPU
		{C6235A07-4CB0-4651-8B1E-7E4FD4C7144D}.Release|iPhone.ActiveCfg = Release|Any CPU
		{C6235A07-4CB0-4651-8B1E-7E4FD4C7144D}.Release|iPhone.Build.0 = Release|Any CPU
		{C6235A07-4CB0-4651-8B1E-7E4FD4C7144D}.Release|iPhone.Deploy.0 = Release|Any CPU
		{C6235A07-4CB0-4651-8B1E-7E4FD4C7144D}.Release|iPhoneSimulator.ActiveCfg = Release|Any CPU
		{C6235A07-4CB0-4651-8B1E-7E4FD4C7144D}.Release|iPhoneSimulator.Build.0 = Release|Any CPU
		{C6235A07-4CB0-4651-8B1E-7E4FD4C7144D}.Release|iPhoneSimulator.Deploy.0 = Release|Any CPU
	EndGlobalSection
	GlobalSection(SolutionProperties) = preSolution
		HideSolutionNode = FALSE
	EndGlobalSection
	GlobalSection(ExtensibilityGlobals) = postSolution
		SolutionGuid = {110FB54D-E4E6-4F2F-826D-4B4B0CEB517D}
	EndGlobalSection
EndGlobal
